# THIS IS AN AUTOGENERATED FILE. DO NOT EDIT THIS FILE DIRECTLY.
# yarn lockfile v1


"@colors/colors@1.6.0", "@colors/colors@^1.6.0":
  version "1.6.0"
  resolved "https://registry.yarnpkg.com/@colors/colors/-/colors-1.6.0.tgz#ec6cd237440700bc23ca23087f513c75508958b0"
  integrity sha512-Ir+AOibqzrIsL6ajt3Rz3LskB7OiMVHqltZmspbW/TJuTVuyOMirVqAkjfY6JISiLHgyNqicAC8AyHHGzNd/dA==

"@dabh/diagnostics@^2.0.2":
  version "2.0.8"
  resolved "https://registry.yarnpkg.com/@dabh/diagnostics/-/diagnostics-2.0.8.tgz#ead97e72ca312cf0e6dd7af0d300b58993a31a5e"
  integrity sha512-R4MSXTVnuMzGD7bzHdW2ZhhdPC/igELENcq5IjEverBvq5hn1SXCWcsi6eSsdWP0/Ur+SItRRjAktmdoX/8R/Q==
  dependencies:
    "@so-ric/colorspace" "^1.1.6"
    enabled "2.0.x"
    kuler "^2.0.0"

"@so-ric/colorspace@^1.1.6":
  version "1.1.6"
  resolved "https://registry.yarnpkg.com/@so-ric/colorspace/-/colorspace-1.1.6.tgz#62515d8b9f27746b76950a83bde1af812d91923b"
  integrity sha512-/KiKkpHNOBgkFJwu9sh48LkHSMYGyuTcSFK/qMBdnOAlrRJzRSXAOFB5qwzaVQuDl8wAvHVMkaASQDReTahxuw==
  dependencies:
    color "^5.0.2"
    text-hex "1.0.x"

"@types/node@^24.10.0":
  version "24.10.0"
  resolved "https://registry.yarnpkg.com/@types/node/-/node-24.10.0.tgz#6b79086b0dfc54e775a34ba8114dcc4e0221f31f"
  integrity sha512-qzQZRBqkFsYyaSWXuEHc2WR9c0a0CXwiE5FWUvn7ZM+vdy1uZLfCunD38UzhuB7YN/J11ndbDBcTmOdxJo9Q7A==
  dependencies:
    undici-types "~7.16.0"

"@types/triple-beam@^1.3.2":
  version "1.3.5"
  resolved "https://registry.yarnpkg.com/@types/triple-beam/-/triple-beam-1.3.5.tgz#74fef9ffbaa198eb8b588be029f38b00299caa2c"
  integrity sha512-6WaYesThRMCl19iryMYP7/x2OVgCtbIVflDGFpWnb9irXI3UjYE4AzmYuiUKY1AJstGijoY+MgUszMgRxIYTYw==

"@types/vscode-notebook-renderer@latest":
  version "1.72.4"
  resolved "https://registry.yarnpkg.com/@types/vscode-notebook-renderer/-/vscode-notebook-renderer-1.72.4.tgz#585439f33139702203704876f6dbaec25997a1b6"
  integrity sha512-bdKO41c6Dc24pH/O/eM/jqfCwGH4zc76o/g/6Gt1y/eg/bvvqP2/VpbV+Sa5Te2sZekFRcbYnSSFTKo3wcVGUg==

"@types/vscode-webview@latest":
  version "1.57.5"
  resolved "https://registry.yarnpkg.com/@types/vscode-webview/-/vscode-webview-1.57.5.tgz#5b910525386c02305eb1d0772e0181c5f19c579b"
  integrity sha512-iBAUYNYkz+uk1kdsq05fEcoh8gJmwT3lqqFPN7MGyjQ3HVloViMdo7ZJ8DFIP8WOK74PjOEilosqAyxV2iUFUw==

"@types/vscode@latest":
  version "1.105.0"
  resolved "https://registry.yarnpkg.com/@types/vscode/-/vscode-1.105.0.tgz#774c54cdb62409afeb0cb2a96f75c2e06ef3f97a"
  integrity sha512-Lotk3CTFlGZN8ray4VxJE7axIyLZZETQJVWi/lYoUVQuqfRxlQhVOfoejsD2V3dVXPSbS15ov5ZyowMAzgUqcw==

"@vscode-logging/logger@latest":
  version "2.0.0"
  resolved "https://registry.yarnpkg.com/@vscode-logging/logger/-/logger-2.0.0.tgz#4cb9802b7d44acc7e17c42b33f92b0ed4ea16b25"
  integrity sha512-m5AsHLqNyC8OYmpXf4bA5Hm2gSrJcc2L7KUfA8wMH/GFDexeNSTi/O6rDdWFawxLZg3uQGETDx8xyMfMqCDp+w==
  dependencies:
    "@vscode-logging/types" "^2.0.0"
    fast-safe-stringify "2.1.1"
    fs-extra "11.2.0"
    lodash "4.17.21"
    stacktrace-js "2.0.2"
    streamroller "3.1.5"
    triple-beam "1.4.1"
    winston "3.11.0"
    winston-transport "4.6.0"

"@vscode-logging/types@^2.0.0":
  version "2.0.0"
  resolved "https://registry.yarnpkg.com/@vscode-logging/types/-/types-2.0.0.tgz#0cce9d0a3700e96ffbaaa31de0d764d9f7a22dba"
  integrity sha512-P42r5SPYeJKgMDYb5Ez9rjPlpnGEZ1eDFVjT0azxueaJ65iE259hpROmvSPUd80HAALn9/59L+CgcGLmwZcCmg==

"@vscode/copilot-api@latest":
  version "0.1.13"
  resolved "https://registry.yarnpkg.com/@vscode/copilot-api/-/copilot-api-0.1.13.tgz#8b65b8e613713d38dbb7dfd89e2169b2cc0f29e8"
  integrity sha512-bVNAtC9y2nqF5LV7HpDd9BbuV81hstV+oIovo5MgJw1NWWNgeGpyBzcRJP0u6Dz6stRjka5UtEvC5dxqSWowyA==

async@^3.2.3:
  version "3.2.6"
  resolved "https://registry.yarnpkg.com/async/-/async-3.2.6.tgz#1b0728e14929d51b85b449b7f06e27c1145e38ce"
  integrity sha512-htCUDlxyyCLMgaM3xXg0C0LW2xqfuQ6p05pCEIsXuyQ+a1koYKTuBMzRNwmybfLgvJDMd0r1LTn4+E0Ti6C2AA==

balanced-match@^1.0.0:
  version "1.0.2"
  resolved "https://registry.yarnpkg.com/balanced-match/-/balanced-match-1.0.2.tgz#e83e3a7e3f300b34cb9d87f615fa0cbf357690ee"
  integrity sha512-3oSeUO0TMV67hN1AmbXsK4yaqU7tjiHlbxRDZOpH0KW9+CeX4bRAaX0Anxt0tx2MrpRpWwQaPwIlISEJhYU5Pw==

brace-expansion@^2.0.1:
  version "2.0.2"
  resolved "https://registry.yarnpkg.com/brace-expansion/-/brace-expansion-2.0.2.tgz#54fc53237a613d854c7bd37463aad17df87214e7"
  integrity sha512-Jt0vHyM+jmUBqojB7E1NIYadt0vI0Qxjxd2TErW94wDz+E2LAm5vKMXXwg6ZZBTHPuUlDgQHKXvjGBdfcF1ZDQ==
  dependencies:
    balanced-match "^1.0.0"

color-convert@^3.0.1:
  version "3.1.2"
  resolved "https://registry.yarnpkg.com/color-convert/-/color-convert-3.1.2.tgz#cef9e0fd4cb90b07c14697b3fa70af9d7f4870f1"
  integrity sha512-UNqkvCDXstVck3kdowtOTWROIJQwafjOfXSmddoDrXo4cewMKmusCeF22Q24zvjR8nwWib/3S/dfyzPItPEiJg==
  dependencies:
    color-name "^2.0.0"

color-name@^2.0.0:
  version "2.0.2"
  resolved "https://registry.yarnpkg.com/color-name/-/color-name-2.0.2.tgz#85054825a23e6d6f81d3503f660c4c4a2a15f04f"
  integrity sha512-9vEt7gE16EW7Eu7pvZnR0abW9z6ufzhXxGXZEVU9IqPdlsUiMwJeJfRtq0zePUmnbHGT9zajca7mX8zgoayo4A==

color-string@^2.0.0:
  version "2.1.2"
  resolved "https://registry.yarnpkg.com/color-string/-/color-string-2.1.2.tgz#db1dd52414cc9037ada8fa7d936b8e9f6c3366c9"
  integrity sha512-RxmjYxbWemV9gKu4zPgiZagUxbH3RQpEIO77XoSSX0ivgABDZ+h8Zuash/EMFLTI4N9QgFPOJ6JQpPZKFxa+dA==
  dependencies:
    color-name "^2.0.0"

color@^5.0.2:
  version "5.0.2"
  resolved "https://registry.yarnpkg.com/color/-/color-5.0.2.tgz#712ec894007ab27b37207732d182784e001b4a3d"
  integrity sha512-e2hz5BzbUPcYlIRHo8ieAhYgoajrJr+hWoceg6E345TPsATMUKqDgzt8fSXZJJbxfpiPzkWyphz8yn8At7q3fA==
  dependencies:
    color-convert "^3.0.1"
    color-string "^2.0.0"

date-format@^4.0.14:
  version "4.0.14"
  resolved "https://registry.yarnpkg.com/date-format/-/date-format-4.0.14.tgz#7a8e584434fb169a521c8b7aa481f355810d9400"
  integrity sha512-39BOQLs9ZjKh0/patS9nrT8wc3ioX3/eA/zgbKNopnF2wCqJEoxywwwElATYvRsXdnOxA/OQeQoFZ3rFjVajhg==

debug@^4.3.4:
  version "4.4.3"
  resolved "https://registry.yarnpkg.com/debug/-/debug-4.4.3.tgz#c6ae432d9bd9662582fce08709b038c58e9e3d6a"
  integrity sha512-RGwwWnwQvkVfavKVt22FGLw+xYSdzARwm0ru6DhTVA3umU5hZc28V3kO4stgYryrTlLpuvgI9GiijltAjNbcqA==
  dependencies:
    ms "^2.1.3"

enabled@2.0.x:
  version "2.0.0"
  resolved "https://registry.yarnpkg.com/enabled/-/enabled-2.0.0.tgz#f9dd92ec2d6f4bbc0d5d1e64e21d61cd4665e7c2"
  integrity sha512-AKrN98kuwOzMIdAizXGI86UFBoo26CL21UM763y1h/GMSJ4/OHU9k2YlsmBpyScFo/wbLzWQJBMCW4+IO3/+OQ==

error-stack-parser@^2.0.6:
  version "2.1.4"
  resolved "https://registry.yarnpkg.com/error-stack-parser/-/error-stack-parser-2.1.4.tgz#229cb01cdbfa84440bfa91876285b94680188286"
  integrity sha512-Sk5V6wVazPhq5MhpO+AUxJn5x7XSXGl1R93Vn7i+zS15KDVxQijejNCrz8340/2bgLBjR9GtEG8ZVKONDjcqGQ==
  dependencies:
    stackframe "^1.3.4"

fast-safe-stringify@2.1.1:
  version "2.1.1"
  resolved "https://registry.yarnpkg.com/fast-safe-stringify/-/fast-safe-stringify-2.1.1.tgz#c406a83b6e70d9e35ce3b30a81141df30aeba884"
  integrity sha512-W+KJc2dmILlPplD/H4K9l9LcAHAfPtP6BY84uVLXQ6Evcz9Lcg33Y2z1IVblT6xdY54PXYVHEv+0Wpq8Io6zkA==

fecha@^4.2.0:
  version "4.2.3"
  resolved "https://registry.yarnpkg.com/fecha/-/fecha-4.2.3.tgz#4d9ccdbc61e8629b259fdca67e65891448d569fd"
  integrity sha512-OP2IUU6HeYKJi3i0z4A19kHMQoLVs4Hc+DPqqxI2h/DPZHTm/vjsfC6P0b4jCMy14XizLBqvndQ+UilD7707Jw==

fn.name@1.x.x:
  version "1.1.0"
  resolved "https://registry.yarnpkg.com/fn.name/-/fn.name-1.1.0.tgz#26cad8017967aea8731bc42961d04a3d5988accc"
  integrity sha512-GRnmB5gPyJpAhTQdSZTSp9uaPSvl09KoYcMQtsB9rQoOmzs9dH6ffeccH+Z+cv6P68Hu5bC6JjRh4Ah/mHSNRw==

fs-extra@11.2.0:
  version "11.2.0"
  resolved "https://registry.yarnpkg.com/fs-extra/-/fs-extra-11.2.0.tgz#e70e17dfad64232287d01929399e0ea7c86b0e5b"
  integrity sha512-PmDi3uwK5nFuXh7XDTlVnS17xJS7vW36is2+w3xcv8SVxiB4NyATf4ctkVY5bkSjX0Y4nbvZCq1/EjtEyr9ktw==
  dependencies:
    graceful-fs "^4.2.0"
    jsonfile "^6.0.1"
    universalify "^2.0.0"

fs-extra@^8.1.0:
  version "8.1.0"
  resolved "https://registry.yarnpkg.com/fs-extra/-/fs-extra-8.1.0.tgz#49d43c45a88cd9677668cb7be1b46efdb8d2e1c0"
  integrity sha512-yhlQgA6mnOJUKOsRUFsgJdQCvkKhcz8tlZG5HBQfReYZy46OwLcY+Zia0mtdHsOo9y/hP+CxMN0TU9QxoOtG4g==
  dependencies:
    graceful-fs "^4.2.0"
    jsonfile "^4.0.0"
    universalify "^0.1.0"

graceful-fs@^4.1.6, graceful-fs@^4.2.0:
  version "4.2.11"
  resolved "https://registry.yarnpkg.com/graceful-fs/-/graceful-fs-4.2.11.tgz#4183e4e8bf08bb6e05bbb2f7d2e0c8f712ca40e3"
  integrity sha512-RbJ5/jmFcNNCcDV5o9eTnBLJ/HszWV0P73bc+Ff4nS/rJj+YaS6IGyiOL0VoBYX+l1Wrl3k63h/KrH+nhJ0XvQ==

inherits@^2.0.3:
  version "2.0.4"
  resolved "https://registry.yarnpkg.com/inherits/-/inherits-2.0.4.tgz#0fa2c64f932917c3433a0ded55363aae37416b7c"
  integrity sha512-k/vGaX4/Yla3WzyMCvTQOXYeIHvqOKtnqBduzTHpzpQZzAskKMhZ2K+EnBiSM9zGSoIFeMpXKxa4dYeZIQqewQ==

is-stream@^2.0.0:
  version "2.0.1"
  resolved "https://registry.yarnpkg.com/is-stream/-/is-stream-2.0.1.tgz#fac1e3d53b97ad5a9d0ae9cef2389f5810a5c077"
  integrity sha512-hFoiJiTl63nn+kstHGBtewWSKnQLpyb155KHheA1l39uvtO9nWIop1p3udqPcUd/xbF1VLMO4n7OI6p7RbngDg==

jsonfile@^4.0.0:
  version "4.0.0"
  resolved "https://registry.yarnpkg.com/jsonfile/-/jsonfile-4.0.0.tgz#8771aae0799b64076b76640fca058f9c10e33ecb"
  integrity sha512-m6F1R3z8jjlf2imQHS2Qez5sjKWQzbuuhuJ/FKYFRZvPE3PuHcSMVZzfsLhGVOkfd20obL5SWEBew5ShlquNxg==
  optionalDependencies:
    graceful-fs "^4.1.6"

jsonfile@^6.0.1:
  version "6.2.0"
  resolved "https://registry.yarnpkg.com/jsonfile/-/jsonfile-6.2.0.tgz#7c265bd1b65de6977478300087c99f1c84383f62"
  integrity sha512-FGuPw30AdOIUTRMC2OMRtQV+jkVj2cfPqSeWXv1NEAJ1qZ5zb1X6z1mFhbfOB/iy3ssJCD+3KuZ8r8C3uVFlAg==
  dependencies:
    universalify "^2.0.0"
  optionalDependencies:
    graceful-fs "^4.1.6"

kuler@^2.0.0:
  version "2.0.0"
  resolved "https://registry.yarnpkg.com/kuler/-/kuler-2.0.0.tgz#e2c570a3800388fb44407e851531c1d670b061b3"
  integrity sha512-Xq9nH7KlWZmXAtodXDDRE7vs6DU1gTU8zYDHDiWLSip45Egwq3plLHzPn27NgvzL2r1LMPC1vdqh98sQxtqj4A==

lodash@4.17.21:
  version "4.17.21"
  resolved "https://registry.yarnpkg.com/lodash/-/lodash-4.17.21.tgz#679591c564c3bffaae8454cf0b3df370c3d6911c"
  integrity sha512-v2kDEe57lecTulaDIuNTPy3Ry4gLGJ6Z1O3vE1krgXZNrsQ+LFTGHVxVjcXPs17LhbZVGedAJv8XZ1tvj5FvSg==

logform@^2.3.2, logform@^2.4.0, logform@^2.7.0:
  version "2.7.0"
  resolved "https://registry.yarnpkg.com/logform/-/logform-2.7.0.tgz#cfca97528ef290f2e125a08396805002b2d060d1"
  integrity sha512-TFYA4jnP7PVbmlBIfhlSe+WKxs9dklXMTEGcBCIvLhE/Tn3H6Gk1norupVW7m5Cnd4bLcr08AytbyV/xj7f/kQ==
  dependencies:
    "@colors/colors" "1.6.0"
    "@types/triple-beam" "^1.3.2"
    fecha "^4.2.0"
    ms "^2.1.1"
    safe-stable-stringify "^2.3.1"
    triple-beam "^1.3.0"

minimatch@^5.1.0:
  version "5.1.6"
  resolved "https://registry.yarnpkg.com/minimatch/-/minimatch-5.1.6.tgz#1cfcb8cf5522ea69952cd2af95ae09477f122a96"
  integrity sha512-lKwV/1brpG6mBUFHtb7NUmtABCb2WZZmm2wNiOA5hAb8VdCS4B3dtMWyvcoViccwAW/COERjXLt0zP1zXUN26g==
  dependencies:
    brace-expansion "^2.0.1"

ms@^2.1.1, ms@^2.1.3:
  version "2.1.3"
  resolved "https://registry.yarnpkg.com/ms/-/ms-2.1.3.tgz#574c8138ce1d2b5861f0b44579dbadd60c6615b2"
  integrity sha512-6FlzubTLZG3J2a/NVCAleEhjzq5oxgHyaCU9yYXvcLsvoVaHJq/s5xXI6/XXP6tz7R9xAOtHnSO/tXtF3WRTlA==

one-time@^1.0.0:
  version "1.0.0"
  resolved "https://registry.yarnpkg.com/one-time/-/one-time-1.0.0.tgz#e06bc174aed214ed58edede573b433bbf827cb45"
  integrity sha512-5DXOiRKwuSEcQ/l0kGCF6Q3jcADFv5tSmRaJck/OqkVFcOzutB134KRSfF0xDrL39MNnqxbHBbUUcjZIhTgb2g==
  dependencies:
    fn.name "1.x.x"

readable-stream@^3.4.0, readable-stream@^3.6.0, readable-stream@^3.6.2:
  version "3.6.2"
  resolved "https://registry.yarnpkg.com/readable-stream/-/readable-stream-3.6.2.tgz#56a9b36ea965c00c5a93ef31eb111a0f11056967"
  integrity sha512-9u/sniCrY3D5WdsERHzHE4G2YCXqoG5FTHUiCC4SIbr6XcLZBY05ya9EKjYek9O5xOAwjGq+1JdGBAS7Q9ScoA==
  dependencies:
    inherits "^2.0.3"
    string_decoder "^1.1.1"
    util-deprecate "^1.0.1"

safe-buffer@~5.2.0:
  version "5.2.1"
  resolved "https://registry.yarnpkg.com/safe-buffer/-/safe-buffer-5.2.1.tgz#1eaf9fa9bdb1fdd4ec75f58f9cdb4e6b7827eec6"
  integrity sha512-rp3So07KcdmmKbGvgaNxQSJr7bGVSVk5S9Eq1F+ppbRo70+YeaDxkw5Dd8NPN+GD6bjnYm2VuPuCXmpuYvmCXQ==

safe-stable-stringify@^2.3.1:
  version "2.5.0"
  resolved "https://registry.yarnpkg.com/safe-stable-stringify/-/safe-stable-stringify-2.5.0.tgz#4ca2f8e385f2831c432a719b108a3bf7af42a1dd"
  integrity sha512-b3rppTKm9T+PsVCBEOUR46GWI7fdOs00VKZ1+9c1EWDaDMvjQc6tUwuFyIprgGgTcWoVHSKrU8H31ZHA2e0RHA==

semver@^7.3.7:
  version "7.7.3"
  resolved "https://registry.yarnpkg.com/semver/-/semver-7.7.3.tgz#4b5f4143d007633a8dc671cd0a6ef9147b8bb946"
  integrity sha512-SdsKMrI9TdgjdweUSR9MweHA4EJ8YxHn8DFaDisvhVlUOe4BF1tLD7GAj0lIqWVl+dPb/rExr0Btby5loQm20Q==

source-map@0.5.6:
  version "0.5.6"
  resolved "https://registry.yarnpkg.com/source-map/-/source-map-0.5.6.tgz#75ce38f52bf0733c5a7f0c118d81334a2bb5f412"
  integrity sha512-MjZkVp0NHr5+TPihLcadqnlVoGIoWo4IBHptutGh9wI3ttUYvCG26HkSuDi+K6lsZ25syXJXcctwgyVCt//xqA==

stack-generator@^2.0.5:
  version "2.0.10"
  resolved "https://registry.yarnpkg.com/stack-generator/-/stack-generator-2.0.10.tgz#8ae171e985ed62287d4f1ed55a1633b3fb53bb4d"
  integrity sha512-mwnua/hkqM6pF4k8SnmZ2zfETsRUpWXREfA/goT8SLCV4iOFa4bzOX2nDipWAZFPTjLvQB82f5yaodMVhK0yJQ==
  dependencies:
    stackframe "^1.3.4"

stack-trace@0.0.x:
  version "0.0.10"
  resolved "https://registry.yarnpkg.com/stack-trace/-/stack-trace-0.0.10.tgz#547c70b347e8d32b4e108ea1a2a159e5fdde19c0"
  integrity sha512-KGzahc7puUKkzyMt+IqAep+TVNbKP+k2Lmwhub39m1AsTSkaDutx56aDCo+HLDzf/D26BIHTJWNiTG1KAJiQCg==

stackframe@^1.3.4:
  version "1.3.4"
  resolved "https://registry.yarnpkg.com/stackframe/-/stackframe-1.3.4.tgz#b881a004c8c149a5e8efef37d51b16e412943310"
  integrity sha512-oeVtt7eWQS+Na6F//S4kJ2K2VbRlS9D43mAlMyVpVWovy9o+jfgH8O9agzANzaiLjclA0oYzUXEM4PurhSUChw==

stacktrace-gps@^3.0.4:
  version "3.1.2"
  resolved "https://registry.yarnpkg.com/stacktrace-gps/-/stacktrace-gps-3.1.2.tgz#0c40b24a9b119b20da4525c398795338966a2fb0"
  integrity sha512-GcUgbO4Jsqqg6RxfyTHFiPxdPqF+3LFmQhm7MgCuYQOYuWyqxo5pwRPz5d/u6/WYJdEnWfK4r+jGbyD8TSggXQ==
  dependencies:
    source-map "0.5.6"
    stackframe "^1.3.4"

stacktrace-js@2.0.2:
  version "2.0.2"
  resolved "https://registry.yarnpkg.com/stacktrace-js/-/stacktrace-js-2.0.2.tgz#4ca93ea9f494752d55709a081d400fdaebee897b"
  integrity sha512-Je5vBeY4S1r/RnLydLl0TBTi3F2qdfWmYsGvtfZgEI+SCprPppaIhQf5nGcal4gI4cGpCV/duLcAzT1np6sQqg==
  dependencies:
    error-stack-parser "^2.0.6"
    stack-generator "^2.0.5"
    stacktrace-gps "^3.0.4"

streamroller@3.1.5:
  version "3.1.5"
  resolved "https://registry.yarnpkg.com/streamroller/-/streamroller-3.1.5.tgz#1263182329a45def1ffaef58d31b15d13d2ee7ff"
  integrity sha512-KFxaM7XT+irxvdqSP1LGLgNWbYN7ay5owZ3r/8t77p+EtSUAfUgtl7be3xtqtOmGUl9K9YPO2ca8133RlTjvKw==
  dependencies:
    date-format "^4.0.14"
    debug "^4.3.4"
    fs-extra "^8.1.0"

string_decoder@^1.1.1:
  version "1.3.0"
  resolved "https://registry.yarnpkg.com/string_decoder/-/string_decoder-1.3.0.tgz#42f114594a46cf1a8e30b0a84f56c78c3edac21e"
  integrity sha512-hkRX8U1WjJFd8LsDJ2yQ/wWWxaopEsABU1XfkM8A+j0+85JAGppt16cr1Whg6KIbb4okU6Mql6BOj+uup/wKeA==
  dependencies:
    safe-buffer "~5.2.0"

text-hex@1.0.x:
  version "1.0.0"
  resolved "https://registry.yarnpkg.com/text-hex/-/text-hex-1.0.0.tgz#69dc9c1b17446ee79a92bf5b884bb4b9127506f5"
  integrity sha512-uuVGNWzgJ4yhRaNSiubPY7OjISw4sw4E5Uv0wbjp+OzcbmVU/rsT8ujgcXJhn9ypzsgr5vlzpPqP+MBBKcGvbg==

triple-beam@1.4.1, triple-beam@^1.3.0:
  version "1.4.1"
  resolved "https://registry.yarnpkg.com/triple-beam/-/triple-beam-1.4.1.tgz#6fde70271dc6e5d73ca0c3b24e2d92afb7441984"
  integrity sha512-aZbgViZrg1QNcG+LULa7nhZpJTZSLm/mXnHXnbAbjmN5aSa0y7V+wvv6+4WaBtpISJzThKy+PIPxc1Nq1EJ9mg==

typescript@latest:
  version "5.9.3"
  resolved "https://registry.yarnpkg.com/typescript/-/typescript-5.9.3.tgz#5b4f59e15310ab17a216f5d6cf53ee476ede670f"
  integrity sha512-jl1vZzPDinLr9eUt3J/t7V6FgNEw9QjvBPdysz9KfQDD41fQrC2Y4vKQdiaUpFT4bXlb1RHhLpp8wtm6M5TgSw==

undici-types@~7.16.0:
  version "7.16.0"
  resolved "https://registry.yarnpkg.com/undici-types/-/undici-types-7.16.0.tgz#ffccdff36aea4884cbfce9a750a0580224f58a46"
  integrity sha512-Zz+aZWSj8LE6zoxD+xrjh4VfkIG8Ya6LvYkZqtUQGJPZjYl53ypCaUwWqo7eI0x66KBGeRo+mlBEkMSeSZ38Nw==

universalify@^0.1.0:
  version "0.1.2"
  resolved "https://registry.yarnpkg.com/universalify/-/universalify-0.1.2.tgz#b646f69be3942dabcecc9d6639c80dc105efaa66"
  integrity sha512-rBJeI5CXAlmy1pV+617WB9J63U6XcazHHF2f2dbJix4XzpUF0RS3Zbj0FGIOCAva5P/d/GBOYaACQ1w+0azUkg==

universalify@^2.0.0:
  version "2.0.1"
  resolved "https://registry.yarnpkg.com/universalify/-/universalify-2.0.1.tgz#168efc2180964e6386d061e094df61afe239b18d"
  integrity sha512-gptHNQghINnc/vTGIk0SOFGFNXw7JVrlRUtConJRlvaw6DuX0wO5Jeko9sWrMBhh+PsYAZ7oXAiOnf/UKogyiw==

util-deprecate@^1.0.1:
  version "1.0.2"
  resolved "https://registry.yarnpkg.com/util-deprecate/-/util-deprecate-1.0.2.tgz#450d4dc9fa70de732762fbd2d4a28981419a0ccf"
  integrity sha512-EPD5q1uXyFxJpCrLnCc1nHnq3gOa6DZBocAIiI2TaSCA7VCJ1UJDMagCzIkXNsUYfD1daK//LTEQ8xiIbrHtcw==

vscode-jsonrpc@8.2.0:
  version "8.2.0"
  resolved "https://registry.yarnpkg.com/vscode-jsonrpc/-/vscode-jsonrpc-8.2.0.tgz#f43dfa35fb51e763d17cd94dcca0c9458f35abf9"
  integrity sha512-C+r0eKJUIfiDIfwJhria30+TYWPtuHJXHtI7J0YlOmKAo7ogxP20T0zxB7HZQIFhIyvoBPwWskjxrvAtfjyZfA==

vscode-languageclient@latest:
  version "9.0.1"
  resolved "https://registry.yarnpkg.com/vscode-languageclient/-/vscode-languageclient-9.0.1.tgz#cdfe20267726c8d4db839dc1e9d1816e1296e854"
  integrity sha512-JZiimVdvimEuHh5olxhxkht09m3JzUGwggb5eRUkzzJhZ2KjCN0nh55VfiED9oez9DyF8/fz1g1iBV3h+0Z2EA==
  dependencies:
    minimatch "^5.1.0"
    semver "^7.3.7"
    vscode-languageserver-protocol "3.17.5"

vscode-languageserver-protocol@3.17.5:
  version "3.17.5"
  resolved "https://registry.yarnpkg.com/vscode-languageserver-protocol/-/vscode-languageserver-protocol-3.17.5.tgz#864a8b8f390835572f4e13bd9f8313d0e3ac4bea"
  integrity sha512-mb1bvRJN8SVznADSGWM9u/b07H7Ecg0I3OgXDuLdn307rl/J3A9YD6/eYOssqhecL27hK1IPZAsaqh00i/Jljg==
  dependencies:
    vscode-jsonrpc "8.2.0"
    vscode-languageserver-types "3.17.5"

vscode-languageserver-types@3.17.5:
  version "3.17.5"
  resolved "https://registry.yarnpkg.com/vscode-languageserver-types/-/vscode-languageserver-types-3.17.5.tgz#3273676f0cf2eab40b3f44d085acbb7f08a39d8a"
  integrity sha512-Ld1VelNuX9pdF39h2Hgaeb5hEZM2Z3jUrrMgWQAu82jMtZp7p3vJT3BzToKtZI7NgQssZje5o0zryOrhQvzQAg==

vscode-notebook-renderer@^0.0.1-security:
  version "0.0.1-security"
  resolved "https://registry.yarnpkg.com/vscode-notebook-renderer/-/vscode-notebook-renderer-0.0.1-security.tgz#6f9e669272e93bcbb606be4be3eec5d5c2a68f50"
  integrity sha512-ukMuO3FGflckebFdnYRp8pxpaz7ehHfOLM3b+ues8M6p1aL7B4zc2sdHgC+hAeFabKKD/Du/eRUEY22oJ8pZ4A==

winston-transport@4.6.0:
  version "4.6.0"
  resolved "https://registry.yarnpkg.com/winston-transport/-/winston-transport-4.6.0.tgz#f1c1a665ad1b366df72199e27892721832a19e1b"
  integrity sha512-wbBA9PbPAHxKiygo7ub7BYRiKxms0tpfU2ljtWzb3SjRjv5yl6Ozuy/TkXf00HTAt+Uylo3gSkNwzc4ME0wiIg==
  dependencies:
    logform "^2.3.2"
    readable-stream "^3.6.0"
    triple-beam "^1.3.0"

winston-transport@^4.5.0:
  version "4.9.0"
  resolved "https://registry.yarnpkg.com/winston-transport/-/winston-transport-4.9.0.tgz#3bba345de10297654ea6f33519424560003b3bf9"
  integrity sha512-8drMJ4rkgaPo1Me4zD/3WLfI/zPdA9o2IipKODunnGDcuqbHwjsbB79ylv04LCGGzU0xQ6vTznOMpQGaLhhm6A==
  dependencies:
    logform "^2.7.0"
    readable-stream "^3.6.2"
    triple-beam "^1.3.0"

winston@3.11.0:
  version "3.11.0"
  resolved "https://registry.yarnpkg.com/winston/-/winston-3.11.0.tgz#2d50b0a695a2758bb1c95279f0a88e858163ed91"
  integrity sha512-L3yR6/MzZAOl0DsysUXHVjOwv8mKZ71TrA/41EIduGpOOV5LQVodqN+QdQ6BS6PJ/RdIshZhq84P/fStEZkk7g==
  dependencies:
    "@colors/colors" "^1.6.0"
    "@dabh/diagnostics" "^2.0.2"
    async "^3.2.3"
    is-stream "^2.0.0"
    logform "^2.4.0"
    one-time "^1.0.0"
    readable-stream "^3.4.0"
    safe-stable-stringify "^2.3.1"
    stack-trace "0.0.x"
    triple-beam "^1.3.0"
    winston-transport "^4.5.0"

wrappy@^1.0.2:
  version "1.0.2"
  resolved "https://registry.yarnpkg.com/wrappy/-/wrappy-1.0.2.tgz#b5243d8f3ec1aa35f1364605bc0d1036e30ab69f"
  integrity sha512-l4Sp/DRseor9wL6EvV2+TuQn63dMkPjZ/sp9XkghTEbV9KlPS1xUsZ3u7/IQO4wxtcFB4bgpQPRcR3QCvezPcQ==
